
Microsoft Visual Studio Solution File, Format Version 12.00
# Visual Studio 15
Project("{FAE04EC0-301F-11D3-BF4B-00C04F79EFBC}") = "MeetupSnagger", "MeetupSnagger\MeetupSnagger.csproj", "{6B54F5A5-9DEF-4788-9B4A-F6D2D606DADD}"
EndProject
Global
	GlobalSection(SolutionConfigurationPlatforms) = preSolution
		Debug|Any CPU = Debug|Any CPU
		Release|Any CPU = Release|Any CPU
	EndGlobalSection
	GlobalSection(ProjectConfigurationPlatforms) = postSolution
		{6B54F5A5-9DEF-4788-9B4A-F6D2D606DADD}.Debug|Any CPU.ActiveCfg = Debug|Any CPU
		{6B54F5A5-9DEF-4788-9B4A-F6D2D606DADD}.Debug|Any CPU.Build.0 = Debug|Any CPU
		{6B54F5A5-9DEF-4788-9B4A-F6D2D606DADD}.Release|Any CPU.ActiveCfg = Release|Any CPU
		{6B54F5A5-9DEF-4788-9B4A-F6D2D606DADD}.Release|Any CPU.Build.0 = Release|Any CPU
	EndGlobalSection
EndGlobal
